
Microsoft Visual Studio Solution File, Format Version 12.00
# Visual Studio 15
VisualStudioVersion = 15.0.26124.0
MinimumVisualStudioVersion = 15.0.26124.0
Project("{2150E333-8FDC-42A3-9474-1A3956D46DE8}") = "src/Identity.API", "src\Identity.API", "{D0B416CE-54F8-415D-9407-BEC987E4CB51}"
EndProject
Project("{FAE04EC0-301F-11D3-BF4B-00C04F79EFBC}") = "Identity.API", "src\Identity.API\Identity.API.csproj", "{4C13B78F-B036-4DEE-B96C-238CD1564DBF}"
EndProject
Project("{2150E333-8FDC-42A3-9474-1A3956D46DE8}") = "src/ERP/ERP.API", "src\ERP\ERP.API", "{D25E1D8C-AC5F-41E2-87E6-2380AA92C5E6}"
EndProject
Project("{FAE04EC0-301F-11D3-BF4B-00C04F79EFBC}") = "ERP.API", "src\ERP\ERP.API\ERP.API.csproj", "{D69B2C8C-05AE-4EDB-8769-63C3CE756EFA}"
EndProject
Project("{2150E333-8FDC-42A3-9474-1A3956D46DE8}") = "src/ERP/ERP.Domain", "src\ERP\ERP.Domain", "{44BF03FB-A22F-421E-9B4F-87CBE050DA95}"
EndProject
Project("{FAE04EC0-301F-11D3-BF4B-00C04F79EFBC}") = "ERP.Domain", "src\ERP\ERP.Domain\ERP.Domain.csproj", "{68CC3EB8-01C7-4C0D-B49A-15C045680DDD}"
EndProject
Project("{2150E333-8FDC-42A3-9474-1A3956D46DE8}") = "src/ERP/ERP.Application", "src\ERP\ERP.Application", "{1AE88FD8-37DD-4DEA-BA46-D9A4D7A30A02}"
EndProject
Project("{FAE04EC0-301F-11D3-BF4B-00C04F79EFBC}") = "ERP.Application", "src\ERP\ERP.Application\ERP.Application.csproj", "{EE4ED7BA-E5E4-476E-B113-8C830FA05A45}"
EndProject
Project("{2150E333-8FDC-42A3-9474-1A3956D46DE8}") = "src/ERP/ERP.Infrastructure", "src\ERP\ERP.Infrastructure", "{6C460042-9450-4FA5-A9A3-C185AF9A1917}"
EndProject
Project("{FAE04EC0-301F-11D3-BF4B-00C04F79EFBC}") = "ERP.Infrastructure", "src\ERP\ERP.Infrastructure\ERP.Infrastructure.csproj", "{9AB56472-C96E-4BD1-A1C0-9C3A1BEBD5F0}"
EndProject
Project("{2150E333-8FDC-42A3-9474-1A3956D46DE8}") = "src/ERP/ERP.Infrastructure.IntegrationTests", "src\ERP\ERP.Infrastructure.IntegrationTests", "{BE127B67-2BDC-445C-81C6-0892F20B4BA1}"
EndProject
Project("{FAE04EC0-301F-11D3-BF4B-00C04F79EFBC}") = "ERP.Infrastructure.IntegrationTests", "test\ERP\ERP.Infrastructure.IntegrationTests\ERP.Infrastructure.IntegrationTests.csproj", "{17B7AA9B-92A4-455C-8BA4-564970C6FC38}"
EndProject
Project("{2150E333-8FDC-42A3-9474-1A3956D46DE8}") = "src/ERP/ERP.API.IntergrationTests", "src\ERP\ERP.API.IntergrationTests", "{81291314-9769-4F8E-A6A1-814EE37EE0C6}"
EndProject
Project("{FAE04EC0-301F-11D3-BF4B-00C04F79EFBC}") = "ERP.API.IntergrationTests", "test\ERP\ERP.API.IntergrationTests\ERP.API.IntergrationTests.csproj", "{B1E965F5-2C8E-482E-9B82-EE2CF862C984}"
EndProject
Project("{2150E333-8FDC-42A3-9474-1A3956D46DE8}") = "src/ERP/ERP.Domain.UnitTests", "src\ERP\ERP.Domain.UnitTests", "{BE04E0A9-8ACA-43A4-B016-474166521EA7}"
EndProject
Project("{FAE04EC0-301F-11D3-BF4B-00C04F79EFBC}") = "ERP.Domain.UnitTests", "test\ERP\ERP.Domain.UnitTests\ERP.Domain.UnitTests.csproj", "{881B4D9E-79AD-4503-94D6-E42811C30C83}"
EndProject
Project("{2150E333-8FDC-42A3-9474-1A3956D46DE8}") = "src/ERP/ERP.Application.UnitTests", "src\ERP\ERP.Application.UnitTests", "{45588BC0-C8DA-4D37-9B98-6D120AE083B9}"
EndProject
Project("{FAE04EC0-301F-11D3-BF4B-00C04F79EFBC}") = "ERP.Application.UnitTests", "test\ERP\ERP.Application.UnitTests\ERP.Application.UnitTests.csproj", "{05708C69-DB9F-4482-BB3D-320D502ADA92}"
EndProject
Global
	GlobalSection(SolutionConfigurationPlatforms) = preSolution
		Debug|Any CPU = Debug|Any CPU
		Debug|x64 = Debug|x64
		Debug|x86 = Debug|x86
		Release|Any CPU = Release|Any CPU
		Release|x64 = Release|x64
		Release|x86 = Release|x86
	EndGlobalSection
	GlobalSection(SolutionProperties) = preSolution
		HideSolutionNode = FALSE
	EndGlobalSection
	GlobalSection(ProjectConfigurationPlatforms) = postSolution
		{4C13B78F-B036-4DEE-B96C-238CD1564DBF}.Debug|Any CPU.ActiveCfg = Debug|Any CPU
		{4C13B78F-B036-4DEE-B96C-238CD1564DBF}.Debug|Any CPU.Build.0 = Debug|Any CPU
		{4C13B78F-B036-4DEE-B96C-238CD1564DBF}.Debug|x64.ActiveCfg = Debug|Any CPU
		{4C13B78F-B036-4DEE-B96C-238CD1564DBF}.Debug|x64.Build.0 = Debug|Any CPU
		{4C13B78F-B036-4DEE-B96C-238CD1564DBF}.Debug|x86.ActiveCfg = Debug|Any CPU
		{4C13B78F-B036-4DEE-B96C-238CD1564DBF}.Debug|x86.Build.0 = Debug|Any CPU
		{4C13B78F-B036-4DEE-B96C-238CD1564DBF}.Release|Any CPU.ActiveCfg = Release|Any CPU
		{4C13B78F-B036-4DEE-B96C-238CD1564DBF}.Release|Any CPU.Build.0 = Release|Any CPU
		{4C13B78F-B036-4DEE-B96C-238CD1564DBF}.Release|x64.ActiveCfg = Release|Any CPU
		{4C13B78F-B036-4DEE-B96C-238CD1564DBF}.Release|x64.Build.0 = Release|Any CPU
		{4C13B78F-B036-4DEE-B96C-238CD1564DBF}.Release|x86.ActiveCfg = Release|Any CPU
		{4C13B78F-B036-4DEE-B96C-238CD1564DBF}.Release|x86.Build.0 = Release|Any CPU
		{D69B2C8C-05AE-4EDB-8769-63C3CE756EFA}.Debug|Any CPU.ActiveCfg = Debug|Any CPU
		{D69B2C8C-05AE-4EDB-8769-63C3CE756EFA}.Debug|Any CPU.Build.0 = Debug|Any CPU
		{D69B2C8C-05AE-4EDB-8769-63C3CE756EFA}.Debug|x64.ActiveCfg = Debug|Any CPU
		{D69B2C8C-05AE-4EDB-8769-63C3CE756EFA}.Debug|x64.Build.0 = Debug|Any CPU
		{D69B2C8C-05AE-4EDB-8769-63C3CE756EFA}.Debug|x86.ActiveCfg = Debug|Any CPU
		{D69B2C8C-05AE-4EDB-8769-63C3CE756EFA}.Debug|x86.Build.0 = Debug|Any CPU
		{D69B2C8C-05AE-4EDB-8769-63C3CE756EFA}.Release|Any CPU.ActiveCfg = Release|Any CPU
		{D69B2C8C-05AE-4EDB-8769-63C3CE756EFA}.Release|Any CPU.Build.0 = Release|Any CPU
		{D69B2C8C-05AE-4EDB-8769-63C3CE756EFA}.Release|x64.ActiveCfg = Release|Any CPU
		{D69B2C8C-05AE-4EDB-8769-63C3CE756EFA}.Release|x64.Build.0 = Release|Any CPU
		{D69B2C8C-05AE-4EDB-8769-63C3CE756EFA}.Release|x86.ActiveCfg = Release|Any CPU
		{D69B2C8C-05AE-4EDB-8769-63C3CE756EFA}.Release|x86.Build.0 = Release|Any CPU
		{68CC3EB8-01C7-4C0D-B49A-15C045680DDD}.Debug|Any CPU.ActiveCfg = Debug|Any CPU
		{68CC3EB8-01C7-4C0D-B49A-15C045680DDD}.Debug|Any CPU.Build.0 = Debug|Any CPU
		{68CC3EB8-01C7-4C0D-B49A-15C045680DDD}.Debug|x64.ActiveCfg = Debug|Any CPU
		{68CC3EB8-01C7-4C0D-B49A-15C045680DDD}.Debug|x64.Build.0 = Debug|Any CPU
		{68CC3EB8-01C7-4C0D-B49A-15C045680DDD}.Debug|x86.ActiveCfg = Debug|Any CPU
		{68CC3EB8-01C7-4C0D-B49A-15C045680DDD}.Debug|x86.Build.0 = Debug|Any CPU
		{68CC3EB8-01C7-4C0D-B49A-15C045680DDD}.Release|Any CPU.ActiveCfg = Release|Any CPU
		{68CC3EB8-01C7-4C0D-B49A-15C045680DDD}.Release|Any CPU.Build.0 = Release|Any CPU
		{68CC3EB8-01C7-4C0D-B49A-15C045680DDD}.Release|x64.ActiveCfg = Release|Any CPU
		{68CC3EB8-01C7-4C0D-B49A-15C045680DDD}.Release|x64.Build.0 = Release|Any CPU
		{68CC3EB8-01C7-4C0D-B49A-15C045680DDD}.Release|x86.ActiveCfg = Release|Any CPU
		{68CC3EB8-01C7-4C0D-B49A-15C045680DDD}.Release|x86.Build.0 = Release|Any CPU
		{EE4ED7BA-E5E4-476E-B113-8C830FA05A45}.Debug|Any CPU.ActiveCfg = Debug|Any CPU
		{EE4ED7BA-E5E4-476E-B113-8C830FA05A45}.Debug|Any CPU.Build.0 = Debug|Any CPU
		{EE4ED7BA-E5E4-476E-B113-8C830FA05A45}.Debug|x64.ActiveCfg = Debug|Any CPU
		{EE4ED7BA-E5E4-476E-B113-8C830FA05A45}.Debug|x64.Build.0 = Debug|Any CPU
		{EE4ED7BA-E5E4-476E-B113-8C830FA05A45}.Debug|x86.ActiveCfg = Debug|Any CPU
		{EE4ED7BA-E5E4-476E-B113-8C830FA05A45}.Debug|x86.Build.0 = Debug|Any CPU
		{EE4ED7BA-E5E4-476E-B113-8C830FA05A45}.Release|Any CPU.ActiveCfg = Release|Any CPU
		{EE4ED7BA-E5E4-476E-B113-8C830FA05A45}.Release|Any CPU.Build.0 = Release|Any CPU
		{EE4ED7BA-E5E4-476E-B113-8C830FA05A45}.Release|x64.ActiveCfg = Release|Any CPU
		{EE4ED7BA-E5E4-476E-B113-8C830FA05A45}.Release|x64.Build.0 = Release|Any CPU
		{EE4ED7BA-E5E4-476E-B113-8C830FA05A45}.Release|x86.ActiveCfg = Release|Any CPU
		{EE4ED7BA-E5E4-476E-B113-8C830FA05A45}.Release|x86.Build.0 = Release|Any CPU
		{9AB56472-C96E-4BD1-A1C0-9C3A1BEBD5F0}.Debug|Any CPU.ActiveCfg = Debug|Any CPU
		{9AB56472-C96E-4BD1-A1C0-9C3A1BEBD5F0}.Debug|Any CPU.Build.0 = Debug|Any CPU
		{9AB56472-C96E-4BD1-A1C0-9C3A1BEBD5F0}.Debug|x64.ActiveCfg = Debug|Any CPU
		{9AB56472-C96E-4BD1-A1C0-9C3A1BEBD5F0}.Debug|x64.Build.0 = Debug|Any CPU
		{9AB56472-C96E-4BD1-A1C0-9C3A1BEBD5F0}.Debug|x86.ActiveCfg = Debug|Any CPU
		{9AB56472-C96E-4BD1-A1C0-9C3A1BEBD5F0}.Debug|x86.Build.0 = Debug|Any CPU
		{9AB56472-C96E-4BD1-A1C0-9C3A1BEBD5F0}.Release|Any CPU.ActiveCfg = Release|Any CPU
		{9AB56472-C96E-4BD1-A1C0-9C3A1BEBD5F0}.Release|Any CPU.Build.0 = Release|Any CPU
		{9AB56472-C96E-4BD1-A1C0-9C3A1BEBD5F0}.Release|x64.ActiveCfg = Release|Any CPU
		{9AB56472-C96E-4BD1-A1C0-9C3A1BEBD5F0}.Release|x64.Build.0 = Release|Any CPU
		{9AB56472-C96E-4BD1-A1C0-9C3A1BEBD5F0}.Release|x86.ActiveCfg = Release|Any CPU
		{9AB56472-C96E-4BD1-A1C0-9C3A1BEBD5F0}.Release|x86.Build.0 = Release|Any CPU
		{17B7AA9B-92A4-455C-8BA4-564970C6FC38}.Debug|Any CPU.ActiveCfg = Debug|Any CPU
		{17B7AA9B-92A4-455C-8BA4-564970C6FC38}.Debug|Any CPU.Build.0 = Debug|Any CPU
		{17B7AA9B-92A4-455C-8BA4-564970C6FC38}.Debug|x64.ActiveCfg = Debug|Any CPU
		{17B7AA9B-92A4-455C-8BA4-564970C6FC38}.Debug|x64.Build.0 = Debug|Any CPU
		{17B7AA9B-92A4-455C-8BA4-564970C6FC38}.Debug|x86.ActiveCfg = Debug|Any CPU
		{17B7AA9B-92A4-455C-8BA4-564970C6FC38}.Debug|x86.Build.0 = Debug|Any CPU
		{17B7AA9B-92A4-455C-8BA4-564970C6FC38}.Release|Any CPU.ActiveCfg = Release|Any CPU
		{17B7AA9B-92A4-455C-8BA4-564970C6FC38}.Release|Any CPU.Build.0 = Release|Any CPU
		{17B7AA9B-92A4-455C-8BA4-564970C6FC38}.Release|x64.ActiveCfg = Release|Any CPU
		{17B7AA9B-92A4-455C-8BA4-564970C6FC38}.Release|x64.Build.0 = Release|Any CPU
		{17B7AA9B-92A4-455C-8BA4-564970C6FC38}.Release|x86.ActiveCfg = Release|Any CPU
		{17B7AA9B-92A4-455C-8BA4-564970C6FC38}.Release|x86.Build.0 = Release|Any CPU
		{B1E965F5-2C8E-482E-9B82-EE2CF862C984}.Debug|Any CPU.ActiveCfg = Debug|Any CPU
		{B1E965F5-2C8E-482E-9B82-EE2CF862C984}.Debug|Any CPU.Build.0 = Debug|Any CPU
		{B1E965F5-2C8E-482E-9B82-EE2CF862C984}.Debug|x64.ActiveCfg = Debug|Any CPU
		{B1E965F5-2C8E-482E-9B82-EE2CF862C984}.Debug|x64.Build.0 = Debug|Any CPU
		{B1E965F5-2C8E-482E-9B82-EE2CF862C984}.Debug|x86.ActiveCfg = Debug|Any CPU
		{B1E965F5-2C8E-482E-9B82-EE2CF862C984}.Debug|x86.Build.0 = Debug|Any CPU
		{B1E965F5-2C8E-482E-9B82-EE2CF862C984}.Release|Any CPU.ActiveCfg = Release|Any CPU
		{B1E965F5-2C8E-482E-9B82-EE2CF862C984}.Release|Any CPU.Build.0 = Release|Any CPU
		{B1E965F5-2C8E-482E-9B82-EE2CF862C984}.Release|x64.ActiveCfg = Release|Any CPU
		{B1E965F5-2C8E-482E-9B82-EE2CF862C984}.Release|x64.Build.0 = Release|Any CPU
		{B1E965F5-2C8E-482E-9B82-EE2CF862C984}.Release|x86.ActiveCfg = Release|Any CPU
		{B1E965F5-2C8E-482E-9B82-EE2CF862C984}.Release|x86.Build.0 = Release|Any CPU
		{881B4D9E-79AD-4503-94D6-E42811C30C83}.Debug|Any CPU.ActiveCfg = Debug|Any CPU
		{881B4D9E-79AD-4503-94D6-E42811C30C83}.Debug|Any CPU.Build.0 = Debug|Any CPU
		{881B4D9E-79AD-4503-94D6-E42811C30C83}.Debug|x64.ActiveCfg = Debug|Any CPU
		{881B4D9E-79AD-4503-94D6-E42811C30C83}.Debug|x64.Build.0 = Debug|Any CPU
		{881B4D9E-79AD-4503-94D6-E42811C30C83}.Debug|x86.ActiveCfg = Debug|Any CPU
		{881B4D9E-79AD-4503-94D6-E42811C30C83}.Debug|x86.Build.0 = Debug|Any CPU
		{881B4D9E-79AD-4503-94D6-E42811C30C83}.Release|Any CPU.ActiveCfg = Release|Any CPU
		{881B4D9E-79AD-4503-94D6-E42811C30C83}.Release|Any CPU.Build.0 = Release|Any CPU
		{881B4D9E-79AD-4503-94D6-E42811C30C83}.Release|x64.ActiveCfg = Release|Any CPU
		{881B4D9E-79AD-4503-94D6-E42811C30C83}.Release|x64.Build.0 = Release|Any CPU
		{881B4D9E-79AD-4503-94D6-E42811C30C83}.Release|x86.ActiveCfg = Release|Any CPU
		{881B4D9E-79AD-4503-94D6-E42811C30C83}.Release|x86.Build.0 = Release|Any CPU
		{05708C69-DB9F-4482-BB3D-320D502ADA92}.Debug|Any CPU.ActiveCfg = Debug|Any CPU
		{05708C69-DB9F-4482-BB3D-320D502ADA92}.Debug|Any CPU.Build.0 = Debug|Any CPU
		{05708C69-DB9F-4482-BB3D-320D502ADA92}.Debug|x64.ActiveCfg = Debug|Any CPU
		{05708C69-DB9F-4482-BB3D-320D502ADA92}.Debug|x64.Build.0 = Debug|Any CPU
		{05708C69-DB9F-4482-BB3D-320D502ADA92}.Debug|x86.ActiveCfg = Debug|Any CPU
		{05708C69-DB9F-4482-BB3D-320D502ADA92}.Debug|x86.Build.0 = Debug|Any CPU
		{05708C69-DB9F-4482-BB3D-320D502ADA92}.Release|Any CPU.ActiveCfg = Release|Any CPU
		{05708C69-DB9F-4482-BB3D-320D502ADA92}.Release|Any CPU.Build.0 = Release|Any CPU
		{05708C69-DB9F-4482-BB3D-320D502ADA92}.Release|x64.ActiveCfg = Release|Any CPU
		{05708C69-DB9F-4482-BB3D-320D502ADA92}.Release|x64.Build.0 = Release|Any CPU
		{05708C69-DB9F-4482-BB3D-320D502ADA92}.Release|x86.ActiveCfg = Release|Any CPU
		{05708C69-DB9F-4482-BB3D-320D502ADA92}.Release|x86.Build.0 = Release|Any CPU
	EndGlobalSection
	GlobalSection(NestedProjects) = preSolution
		{4C13B78F-B036-4DEE-B96C-238CD1564DBF} = {D0B416CE-54F8-415D-9407-BEC987E4CB51}
		{D69B2C8C-05AE-4EDB-8769-63C3CE756EFA} = {D25E1D8C-AC5F-41E2-87E6-2380AA92C5E6}
		{68CC3EB8-01C7-4C0D-B49A-15C045680DDD} = {44BF03FB-A22F-421E-9B4F-87CBE050DA95}
		{EE4ED7BA-E5E4-476E-B113-8C830FA05A45} = {1AE88FD8-37DD-4DEA-BA46-D9A4D7A30A02}
		{9AB56472-C96E-4BD1-A1C0-9C3A1BEBD5F0} = {6C460042-9450-4FA5-A9A3-C185AF9A1917}
		{17B7AA9B-92A4-455C-8BA4-564970C6FC38} = {BE127B67-2BDC-445C-81C6-0892F20B4BA1}
		{B1E965F5-2C8E-482E-9B82-EE2CF862C984} = {81291314-9769-4F8E-A6A1-814EE37EE0C6}
		{881B4D9E-79AD-4503-94D6-E42811C30C83} = {BE04E0A9-8ACA-43A4-B016-474166521EA7}
		{05708C69-DB9F-4482-BB3D-320D502ADA92} = {45588BC0-C8DA-4D37-9B98-6D120AE083B9}
	EndGlobalSection
EndGlobal
